{
  "lockfileVersion": 1,
  "workspaces": {
    "": {
      "name": "3d-game-server",
      "dependencies": {
        "@dimforge/rapier3d-compat": "0.18.2",
        "nanoid": "^5.1.5",
        "redis": "^5.8.0",
        "three": "^0.179.1",
      },
      "devDependencies": {
        "@types/bun": "latest",
        "@types/three": "^0.179.0",
      },
      "peerDependencies": {
        "typescript": "^5",
      },
    },
  },
  "packages": {
    "@dimforge/rapier3d-compat": ["@dimforge/rapier3d-compat@0.18.2", "", {}, "sha512-DTXrOsn3ra9ZonB+VyqJc16xnRXWsHVa5FK230Z+R1PJ7q8oSRmWQ+AU6e+IJYBHxkM0a5QVDqd729DyeEhHPA=="],

    "@redis/bloom": ["@redis/bloom@5.8.0", "", { "peerDependencies": { "@redis/client": "^5.8.0" } }, "sha512-kpKZzAAjGiGYn88Bqq6+ozxPg6kGYWRZH9vnOwGcoSCbrW14SZpZVMYMFSio8FH9ZJUdUcmT/RLGlA1W1t0UWQ=="],

    "@redis/client": ["@redis/client@5.8.0", "", { "dependencies": { "cluster-key-slot": "1.1.2" } }, "sha512-ywZjKGoSSAECGYOd9bJpws6d4867SN686obUWT/sRmo1c/Q8V+jWyInvlqwKa0BOvTHHwYeB2WFUEvd6PADeOQ=="],

    "@redis/json": ["@redis/json@5.8.0", "", { "peerDependencies": { "@redis/client": "^5.8.0" } }, "sha512-xPBpwY6aKoRzMSu67MpwrBiSliON9bfHo9Y/pSPBjW8/KoOm1MzGqwJUO20qdjXpFoKJsDWwxIE1LHdBNzcImw=="],

    "@redis/search": ["@redis/search@5.8.0", "", { "peerDependencies": { "@redis/client": "^5.8.0" } }, "sha512-lF9pNv9vySmirm1EzCH6YeRjhvH6lLT7tvebYHEM7WTkEQ/7kZWb4athliKESHpxzTQ36U9UbzuedSywHV6OhQ=="],

    "@redis/time-series": ["@redis/time-series@5.8.0", "", { "peerDependencies": { "@redis/client": "^5.8.0" } }, "sha512-kPTlW2ACXokjQNXjCD8Pw9mHDoB94AHUlHFahyjxz9lUJUVwiva2Dgfrd2k3JxHhSBqyY2PREIj9YwIUSTSSqQ=="],

    "@tweenjs/tween.js": ["@tweenjs/tween.js@23.1.3", "", {}, "sha512-vJmvvwFxYuGnF2axRtPYocag6Clbb5YS7kLL+SO/TeVFzHqDIWrNKYtcsPMibjDx9O+bu+psAy9NKfWklassUA=="],

    "@types/bun": ["@types/bun@1.2.20", "", { "dependencies": { "bun-types": "1.2.20" } }, "sha512-dX3RGzQ8+KgmMw7CsW4xT5ITBSCrSbfHc36SNT31EOUg/LA9JWq0VDdEXDRSe1InVWpd2yLUM1FUF/kEOyTzYA=="],

    "@types/node": ["@types/node@24.2.1", "", { "dependencies": { "undici-types": "~7.10.0" } }, "sha512-DRh5K+ka5eJic8CjH7td8QpYEV6Zo10gfRkjHCO3weqZHWDtAaSTFtl4+VMqOJ4N5jcuhZ9/l+yy8rVgw7BQeQ=="],

    "@types/react": ["@types/react@19.1.9", "", { "dependencies": { "csstype": "^3.0.2" } }, "sha512-WmdoynAX8Stew/36uTSVMcLJJ1KRh6L3IZRx1PZ7qJtBqT3dYTgyDTx8H1qoRghErydW7xw9mSJ3wS//tCRpFA=="],

    "@types/stats.js": ["@types/stats.js@0.17.4", "", {}, "sha512-jIBvWWShCvlBqBNIZt0KAshWpvSjhkwkEu4ZUcASoAvhmrgAUI2t1dXrjSL4xXVLB4FznPrIsX3nKXFl/Dt4vA=="],

    "@types/three": ["@types/three@0.179.0", "", { "dependencies": { "@dimforge/rapier3d-compat": "~0.12.0", "@tweenjs/tween.js": "~23.1.3", "@types/stats.js": "*", "@types/webxr": "*", "@webgpu/types": "*", "fflate": "~0.8.2", "meshoptimizer": "~0.22.0" } }, "sha512-VgbFG2Pgsm84BqdegZzr7w2aKbQxmgzIu4Dy7/75ygiD/0P68LKmp5ie08KMPNqGTQwIge8s6D1guZf1RnZE0A=="],

    "@types/webxr": ["@types/webxr@0.5.22", "", {}, "sha512-Vr6Stjv5jPRqH690f5I5GLjVk8GSsoQSYJ2FVd/3jJF7KaqfwPi3ehfBS96mlQ2kPCwZaX6U0rG2+NGHBKkA/A=="],

    "@webgpu/types": ["@webgpu/types@0.1.64", "", {}, "sha512-84kRIAGV46LJTlJZWxShiOrNL30A+9KokD7RB3dRCIqODFjodS5tCD5yyiZ8kIReGVZSDfA3XkkwyyOIF6K62A=="],

    "bun-types": ["bun-types@1.2.20", "", { "dependencies": { "@types/node": "*" }, "peerDependencies": { "@types/react": "^19" } }, "sha512-pxTnQYOrKvdOwyiyd/7sMt9yFOenN004Y6O4lCcCUoKVej48FS5cvTw9geRaEcB9TsDZaJKAxPTVvi8tFsVuXA=="],

    "cluster-key-slot": ["cluster-key-slot@1.1.2", "", {}, "sha512-RMr0FhtfXemyinomL4hrWcYJxmX6deFdCxpJzhDttxgO1+bcCnkk+9drydLVDmAMG7NE6aN/fl4F7ucU/90gAA=="],

    "csstype": ["csstype@3.1.3", "", {}, "sha512-M1uQkMl8rQK/szD0LNhtqxIPLpimGm8sOBwU7lLnCpSbTyY3yeU1Vc7l4KT5zT4s/yOxHH5O7tIuuLOCnLADRw=="],

    "fflate": ["fflate@0.8.2", "", {}, "sha512-cPJU47OaAoCbg0pBvzsgpTPhmhqI5eJjh/JIu8tPj5q+T7iLvW/JAYUqmE7KOB4R1ZyEhzBaIQpQpardBF5z8A=="],

    "meshoptimizer": ["meshoptimizer@0.22.0", "", {}, "sha512-IebiK79sqIy+E4EgOr+CAw+Ke8hAspXKzBd0JdgEmPHiAwmvEj2S4h1rfvo+o/BnfEYd/jAOg5IeeIjzlzSnDg=="],

    "nanoid": ["nanoid@5.1.5", "", { "bin": { "nanoid": "bin/nanoid.js" } }, "sha512-Ir/+ZpE9fDsNH0hQ3C68uyThDXzYcim2EqcZ8zn8Chtt1iylPT9xXJB0kPCnqzgcEGikO9RxSrh63MsmVCU7Fw=="],

    "redis": ["redis@5.8.0", "", { "dependencies": { "@redis/bloom": "5.8.0", "@redis/client": "5.8.0", "@redis/json": "5.8.0", "@redis/search": "5.8.0", "@redis/time-series": "5.8.0" } }, "sha512-re0MHm1KHbiVIUPDGoUM3jldvjH5EM/wGZ3A33gyUYoC/UnVNKNnZHM5hcJVry7L2O2eJU3nflSXTliv10BTKg=="],

    "three": ["three@0.179.1", "", {}, "sha512-5y/elSIQbrvKOISxpwXCR4sQqHtGiOI+MKLc3SsBdDXA2hz3Mdp3X59aUp8DyybMa34aeBwbFTpdoLJaUDEWSw=="],

    "typescript": ["typescript@5.9.2", "", { "bin": { "tsc": "bin/tsc", "tsserver": "bin/tsserver" } }, "sha512-CWBzXQrc/qOkhidw1OzBTQuYRbfyxDXJMVJ1XNwUHGROVmuaeiEm3OslpZ1RV96d7SKKjZKrSJu3+t/xlw3R9A=="],

    "undici-types": ["undici-types@7.10.0", "", {}, "sha512-t5Fy/nfn+14LuOc2KNYg75vZqClpAiqscVvMygNnlsHBFpSXdJaYtXMcdNLpl/Qvc3P2cB3s6lOV51nqsFq4ag=="],

    "@types/three/@dimforge/rapier3d-compat": ["@dimforge/rapier3d-compat@0.12.0", "", {}, "sha512-uekIGetywIgopfD97oDL5PfeezkFpNhwlzlaEYNOA0N6ghdsOvh/HYjSMek5Q2O1PYvRSDFcqFVJl4r4ZBwOow=="],
  }
}
