{
  "lockfileVersion": 1,
  "workspaces": {
    "": {
      "dependencies": {
        "@dimforge/rapier3d-compat": "0.18.0",
      },
    },
  },
  "packages": {
    "@dimforge/rapier3d-compat": ["@dimforge/rapier3d-compat@0.18.0", "", {}, "sha512-/H92Afd3RJ2PIx8TKtSG8Apb+hmnOKL1kJKFfTGVpab1ujYm3nhub3oTfC3mVlWoRx+yURxYjddjAe3cgP3tgw=="],
  }
}
